<?xml version="1.0" encoding="utf-8"?>
<Project ToolsVersion="4.0" xmlns="http://schemas.microsoft.com/developer/msbuild/2003">
  <ItemGroup>
    <Filter Include="Source Files">
      <UniqueIdentifier>{4FC737F1-C7A5-4376-A066-2A32D752A2FF}</UniqueIdentifier>
      <Extensions>cpp;c;cc;cxx;c++;cppm;ixx;def;odl;idl;hpj;bat;asm;asmx</Extensions>
    </Filter>
    <Filter Include="Header Files">
      <UniqueIdentifier>{93995380-89BD-4b04-88EB-625FBE52EBFB}</UniqueIdentifier>
      <Extensions>h;hh;hpp;hxx;h++;hm;inl;inc;ipp;xsd</Extensions>
    </Filter>
    <Filter Include="Resource Files">
      <UniqueIdentifier>{67DA6AB6-F800-4c08-8B7A-83BB121AAD01}</UniqueIdentifier>
      <Extensions>rc;ico;cur;bmp;dlg;rc2;rct;bin;rgs;gif;jpg;jpeg;jpe;resx;tiff;tif;png;wav;mfcribbon-ms</Extensions>
    </Filter>
    <Filter Include="Shaders">
      <UniqueIdentifier>{aa03359d-2e5c-40e9-a6ee-5f1daddf652a}</UniqueIdentifier>
    </Filter>
    <Filter Include="Assets">
      <UniqueIdentifier>{4ba8cf05-d952-4453-8f7b-de529ba8ea39}</UniqueIdentifier>
    </Filter>
    <Filter Include="Assets\BarStand">
      <UniqueIdentifier>{e9ff1df8-0146-4213-ab7d-f82e3a3d3751}</UniqueIdentifier>
    </Filter>
    <Filter Include="Assets\bezdomovec">
      <UniqueIdentifier>{30791c3e-8156-43b4-89b7-d656f5aa4693}</UniqueIdentifier>
    </Filter>
    <Filter Include="Assets\cartoon_building">
      <UniqueIdentifier>{29a93319-ef4e-4f69-a4e8-ac9a4a52cc9f}</UniqueIdentifier>
    </Filter>
    <Filter Include="Assets\cartoon_building\textures">
      <UniqueIdentifier>{c41fa695-8d0f-4291-8733-7ec005b39fc7}</UniqueIdentifier>
    </Filter>
    <Filter Include="Source Files\Managers">
      <UniqueIdentifier>{6cc56000-1ae8-4bf2-8a19-b34a26983ade}</UniqueIdentifier>
    </Filter>
    <Filter Include="Source Files\Lights">
      <UniqueIdentifier>{9cc5604c-6ea5-4ee4-9116-879d159c4457}</UniqueIdentifier>
    </Filter>
    <Filter Include="Assets\trashbin">
      <UniqueIdentifier>{48b63891-faee-401c-b842-1237a06404ea}</UniqueIdentifier>
    </Filter>
    <Filter Include="Assets\snowLand">
      <UniqueIdentifier>{18201772-8e46-4e3b-af4b-5670abfea117}</UniqueIdentifier>
    </Filter>
    <Filter Include="Assets\Stone">
      <UniqueIdentifier>{105af9ee-c9a7-4dee-97b8-c40ab7719577}</UniqueIdentifier>
    </Filter>
    <Filter Include="Assets\bixler">
      <UniqueIdentifier>{5cbd87c0-3ea9-4edd-b7b3-5e4327417813}</UniqueIdentifier>
    </Filter>
    <Filter Include="Assets\gitara">
      <UniqueIdentifier>{4e063640-7442-49bb-b1f9-094bbefa0925}</UniqueIdentifier>
    </Filter>
    <Filter Include="Assets\kadibouda">
      <UniqueIdentifier>{1a7f9361-8be2-486a-a68e-9c5b9f9b1269}</UniqueIdentifier>
    </Filter>
    <Filter Include="Assets\Cat">
      <UniqueIdentifier>{d6fa8975-dd41-40a3-a941-6ae879bfd101}</UniqueIdentifier>
    </Filter>
    <Filter Include="Assets\lamp">
      <UniqueIdentifier>{94c8de84-96ee-4feb-8634-496887cb1f57}</UniqueIdentifier>
    </Filter>
  </ItemGroup>
  <ItemGroup>
    <ClCompile Include="main.cpp">
      <Filter>Source Files</Filter>
    </ClCompile>
    <ClCompile Include="Camera.cpp">
      <Filter>Source Files</Filter>
    </ClCompile>
    <ClCompile Include="Object.cpp">
      <Filter>Source Files</Filter>
    </ClCompile>
    <ClCompile Include="ObjLoader.cpp">
      <Filter>Source Files</Filter>
    </ClCompile>
    <ClCompile Include="Skybox.cpp">
      <Filter>Source Files</Filter>
    </ClCompile>
    <ClCompile Include="SpotLight.cpp">
      <Filter>Source Files</Filter>
    </ClCompile>
    <ClCompile Include="InputManager.cpp">
      <Filter>Source Files\Managers</Filter>
    </ClCompile>
    <ClCompile Include="ShaderManager.cpp">
      <Filter>Source Files\Managers</Filter>
    </ClCompile>
    <ClCompile Include="MeshManager.cpp">
      <Filter>Source Files\Managers</Filter>
    </ClCompile>
    <ClCompile Include="BaseLight.cpp">
      <Filter>Source Files\Lights</Filter>
    </ClCompile>
    <ClCompile Include="DirectionalLight.cpp">
      <Filter>Source Files\Lights</Filter>
    </ClCompile>
    <ClCompile Include="PointLight.cpp">
      <Filter>Source Files\Lights</Filter>
    </ClCompile>
    <ClCompile Include="AnimatedObject.cpp">
      <Filter>Source Files</Filter>
    </ClCompile>
    <ClCompile Include="SpriteObject.cpp">
      <Filter>Source Files</Filter>
    </ClCompile>
  </ItemGroup>
  <ItemGroup>
    <None Include="Shaders\basic.frag">
      <Filter>Shaders</Filter>
    </None>
    <None Include="Shaders\basic.vert">
      <Filter>Shaders</Filter>
    </None>
    <None Include="Assets\BarStand\BarStand.mtl">
      <Filter>Assets\BarStand</Filter>
    </None>
    <None Include="Shaders\3d_basic.frag">
      <Filter>Shaders</Filter>
    </None>
    <None Include="Shaders\3d_basic.vert">
      <Filter>Shaders</Filter>
    </None>
    <None Include="Assets\bezdomovec\bezdomovec.mtl">
      <Filter>Assets\bezdomovec</Filter>
    </None>
    <None Include="Assets\cartoon_building\cartoon_building.mtl">
      <Filter>Assets\cartoon_building</Filter>
    </None>
    <None Include="Shaders\3d_light.frag">
      <Filter>Shaders</Filter>
    </None>
    <None Include="Shaders\3d_light.vert">
      <Filter>Shaders</Filter>
    </None>
    <None Include="Shaders\3d_texture.vert">
      <Filter>Shaders</Filter>
    </None>
    <None Include="Shaders\3d_texture.frag">
      <Filter>Shaders</Filter>
    </None>
    <None Include="Shaders\skybox.frag">
      <Filter>Shaders</Filter>
    </None>
    <None Include="Shaders\skybox.vert">
      <Filter>Shaders</Filter>
    </None>
    <None Include="Shaders\3d_light_pixel.frag">
      <Filter>Shaders</Filter>
    </None>
    <None Include="Shaders\3d_light_pixel.vert">
      <Filter>Shaders</Filter>
    </None>
    <None Include="Assets\trashbin\trashbin.mtl">
      <Filter>Assets\trashbin</Filter>
    </None>
    <None Include="Assets\snowLand\metadata.json">
      <Filter>Assets\snowLand</Filter>
    </None>
    <None Include="Assets\snowLand\snowLand.mtl">
      <Filter>Assets\snowLand</Filter>
    </None>
    <None Include="Assets\Stone\Stone.mtl">
      <Filter>Assets\Stone</Filter>
    </None>
    <None Include="Assets\Stone\metadata.json">
      <Filter>Assets\Stone</Filter>
    </None>
    <None Include="Assets\bixler\bixler.mtl">
      <Filter>Assets\bixler</Filter>
    </None>
    <None Include="Assets\bixler\metadata.json">
      <Filter>Assets\bixler</Filter>
    </None>
    <None Include="Assets\gitara\gitara.mtl">
      <Filter>Assets\gitara</Filter>
    </None>
    <None Include="Assets\gitara\metadata.json">
      <Filter>Assets\gitara</Filter>
    </None>
    <None Include="Assets\kadibouda\metadata.json">
      <Filter>Assets\kadibouda</Filter>
    </None>
    <None Include="Assets\kadibouda\kadibouda.mtl">
      <Filter>Assets\kadibouda</Filter>
    </None>
    <None Include="Assets\Cat\Cat.mtl">
      <Filter>Assets\Cat</Filter>
    </None>
    <None Include="Assets\Cat\metadata.json">
      <Filter>Assets\Cat</Filter>
    </None>
    <None Include="Assets\lamp\lamp.mtl">
      <Filter>Assets\lamp</Filter>
    </None>
    <None Include="Assets\lamp\metadata.json">
      <Filter>Assets\lamp</Filter>
    </None>
    <None Include="Shaders\animated_texture.frag">
      <Filter>Shaders</Filter>
    </None>
    <None Include="Shaders\animated_texture.vert">
      <Filter>Shaders</Filter>
    </None>
  </ItemGroup>
  <ItemGroup>
    <ClInclude Include="InputManager.h">
      <Filter>Header Files</Filter>
    </ClInclude>
    <ClInclude Include="Camera.h">
      <Filter>Header Files</Filter>
    </ClInclude>
    <ClInclude Include="Object.h">
      <Filter>Header Files</Filter>
    </ClInclude>
    <ClInclude Include="ObjLoader.h">
      <Filter>Header Files</Filter>
    </ClInclude>
    <ClInclude Include="parametry.h">
      <Filter>Header Files</Filter>
    </ClInclude>
    <ClInclude Include="mesh.h">
      <Filter>Header Files</Filter>
    </ClInclude>
    <ClInclude Include="MeshManager.h">
      <Filter>Header Files</Filter>
    </ClInclude>
    <ClInclude Include="Skybox.h">
      <Filter>Header Files</Filter>
    </ClInclude>
    <ClInclude Include="hardcodeObject.h">
      <Filter>Header Files</Filter>
    </ClInclude>
    <ClInclude Include="ShaderManager.h">
      <Filter>Header Files</Filter>
    </ClInclude>
    <ClInclude Include="BaseLight.h">
      <Filter>Header Files</Filter>
    </ClInclude>
    <ClInclude Include="DirectionalLight.h">
      <Filter>Header Files</Filter>
    </ClInclude>
    <ClInclude Include="PointLight.h">
      <Filter>Header Files</Filter>
    </ClInclude>
    <ClInclude Include="SpotLight.h">
      <Filter>Header Files</Filter>
    </ClInclude>
    <ClInclude Include="AnimatedObject.h">
      <Filter>Header Files</Filter>
    </ClInclude>
    <ClInclude Include="SpriteObject.h">
      <Filter>Header Files</Filter>
    </ClInclude>
  </ItemGroup>
  <ItemGroup>
    <Image Include="Assets\BarStand\BarStand.jpg">
      <Filter>Resource Files</Filter>
    </Image>
    <Image Include="Assets\bezdomovec\bezdomovec.jpg">
      <Filter>Resource Files</Filter>
    </Image>
    <Image Include="Assets\cartoon_building\textures\cartoon_building_Albedo.png">
      <Filter>Assets\cartoon_building\textures</Filter>
    </Image>
    <Image Include="Assets\cartoon_building\textures\cartoon_building_AO.png">
      <Filter>Assets\cartoon_building\textures</Filter>
    </Image>
    <Image Include="Assets\cartoon_building\textures\cartoon_building_Metallic.png">
      <Filter>Assets\cartoon_building\textures</Filter>
    </Image>
    <Image Include="Assets\cartoon_building\textures\cartoon_building_Normal.png">
      <Filter>Assets\cartoon_building\textures</Filter>
    </Image>
    <Image Include="Assets\cartoon_building\textures\cartoon_building_Roughness.png">
      <Filter>Assets\cartoon_building\textures</Filter>
    </Image>
  </ItemGroup>
  <ItemGroup>
    <Text Include="Assets\BarStand\BarStand.txt">
      <Filter>Assets\BarStand</Filter>
    </Text>
    <Text Include="Assets\BarStand\BarStandModel.obj">
      <Filter>Assets\BarStand</Filter>
    </Text>
    <Text Include="Assets\bezdomovec\bezdomovec.txt">
      <Filter>Assets\bezdomovec</Filter>
    </Text>
    <Text Include="Assets\bezdomovec\bezdomovecModel.obj">
      <Filter>Assets\bezdomovec</Filter>
    </Text>
    <Text Include="Assets\cartoon_building\cartoon_building.obj">
      <Filter>Assets\cartoon_building</Filter>
    </Text>
    <Text Include="Assets\trashbin\trashbin.txt">
      <Filter>Assets\trashbin</Filter>
    </Text>
    <Text Include="Assets\trashbin\trashbin.obj">
      <Filter>Assets\trashbin</Filter>
    </Text>
    <Text Include="Assets\snowLand\snowLand.txt">
      <Filter>Assets\snowLand</Filter>
    </Text>
    <Text Include="Assets\snowLand\snowLand.obj">
      <Filter>Assets\snowLand</Filter>
    </Text>
    <Text Include="Assets\Stone\Stone.txt">
      <Filter>Assets\Stone</Filter>
    </Text>
    <Text Include="Assets\Stone\Stone.obj">
      <Filter>Assets\Stone</Filter>
    </Text>
    <Text Include="Assets\bixler\bixler.txt">
      <Filter>Assets\bixler</Filter>
    </Text>
    <Text Include="Assets\bixler\bixler.obj">
      <Filter>Assets\bixler</Filter>
    </Text>
    <Text Include="Assets\gitara\gitara.txt">
      <Filter>Assets\gitara</Filter>
    </Text>
    <Text Include="Assets\kadibouda\kadibouda.txt">
      <Filter>Assets\kadibouda</Filter>
    </Text>
    <Text Include="Assets\Cat\cat.txt">
      <Filter>Assets\Cat</Filter>
    </Text>
    <Text Include="Assets\lamp\lamp.txt">
      <Filter>Assets\lamp</Filter>
    </Text>
    <Text Include="Assets\Cat\Cat.obj">
      <Filter>Assets\Cat</Filter>
    </Text>
    <Text Include="Assets\gitara\gitara.obj">
      <Filter>Assets\gitara</Filter>
    </Text>
    <Text Include="Assets\kadibouda\kadibouda.obj">
      <Filter>Assets\kadibouda</Filter>
    </Text>
    <Text Include="Assets\lamp\lamp.obj">
      <Filter>Assets\lamp</Filter>
    </Text>
  </ItemGroup>
</Project>